// !$*UTF8*$!
{
	archiveVersion = 1;
	classes = {
	};
	objectVersion = 56;
	objects = {

/* Begin PBXBuildFile section */
		CA3C709A2B799F5C00A3CD51 /* StartButtonView.swift in Sources */ = {isa = PBXBuildFile; fileRef = CA3C70992B799F5B00A3CD51 /* StartButtonView.swift */; };
		CA3C709C2B79A29B00A3CD51 /* OnboardingView.swift in Sources */ = {isa = PBXBuildFile; fileRef = CA3C709B2B79A29B00A3CD51 /* OnboardingView.swift */; };
		CA3C709F2B79A6A300A3CD51 /* FruitModel.swift in Sources */ = {isa = PBXBuildFile; fileRef = CA3C709E2B79A6A300A3CD51 /* FruitModel.swift */; };
		CA3C70A22B79A79900A3CD51 /* FruitData.swift in Sources */ = {isa = PBXBuildFile; fileRef = CA3C70A12B79A79900A3CD51 /* FruitData.swift */; };
		CA3C70A42B79B33F00A3CD51 /* FruitRowView.swift in Sources */ = {isa = PBXBuildFile; fileRef = CA3C70A32B79B33F00A3CD51 /* FruitRowView.swift */; };
		CA3C70A62B79B95D00A3CD51 /* FruitDetailView.swift in Sources */ = {isa = PBXBuildFile; fileRef = CA3C70A52B79B95D00A3CD51 /* FruitDetailView.swift */; };
		CA4AFFEE2B786D02006DC242 /* FructusApp.swift in Sources */ = {isa = PBXBuildFile; fileRef = CA4AFFED2B786D02006DC242 /* FructusApp.swift */; };
		CA4AFFF02B786D02006DC242 /* ContentView.swift in Sources */ = {isa = PBXBuildFile; fileRef = CA4AFFEF2B786D02006DC242 /* ContentView.swift */; };
		CA4AFFF22B786D04006DC242 /* Assets.xcassets in Resources */ = {isa = PBXBuildFile; fileRef = CA4AFFF12B786D04006DC242 /* Assets.xcassets */; };
		CA4AFFF52B786D04006DC242 /* Preview Assets.xcassets in Resources */ = {isa = PBXBuildFile; fileRef = CA4AFFF42B786D04006DC242 /* Preview Assets.xcassets */; };
		CA4AFFFE2B7880D4006DC242 /* FruitCardView.swift in Sources */ = {isa = PBXBuildFile; fileRef = CA4AFFFD2B7880D4006DC242 /* FruitCardView.swift */; };
		CA541F1C2B79C3850063B11B /* FruitHeaderView.swift in Sources */ = {isa = PBXBuildFile; fileRef = CA541F1B2B79C3850063B11B /* FruitHeaderView.swift */; };
		CA541F1E2B7A34A20063B11B /* SourceLinkView.swift in Sources */ = {isa = PBXBuildFile; fileRef = CA541F1D2B7A34A20063B11B /* SourceLinkView.swift */; };
		CAD7112D2B7A38FE00FF545B /* FruitNutrientsView.swift in Sources */ = {isa = PBXBuildFile; fileRef = CAD7112C2B7A38FE00FF545B /* FruitNutrientsView.swift */; };
		CAD7112F2B7A3F6C00FF545B /* SettingsView.swift in Sources */ = {isa = PBXBuildFile; fileRef = CAD7112E2B7A3F6C00FF545B /* SettingsView.swift */; };
/* End PBXBuildFile section */

/* Begin PBXFileReference section */
		CA3C70992B799F5B00A3CD51 /* StartButtonView.swift */ = {isa = PBXFileReference; lastKnownFileType = sourcecode.swift; path = StartButtonView.swift; sourceTree = "<group>"; };
		CA3C709B2B79A29B00A3CD51 /* OnboardingView.swift */ = {isa = PBXFileReference; lastKnownFileType = sourcecode.swift; path = OnboardingView.swift; sourceTree = "<group>"; };
		CA3C709E2B79A6A300A3CD51 /* FruitModel.swift */ = {isa = PBXFileReference; lastKnownFileType = sourcecode.swift; path = FruitModel.swift; sourceTree = "<group>"; };
		CA3C70A12B79A79900A3CD51 /* FruitData.swift */ = {isa = PBXFileReference; lastKnownFileType = sourcecode.swift; path = FruitData.swift; sourceTree = "<group>"; };
		CA3C70A32B79B33F00A3CD51 /* FruitRowView.swift */ = {isa = PBXFileReference; lastKnownFileType = sourcecode.swift; path = FruitRowView.swift; sourceTree = "<group>"; };
		CA3C70A52B79B95D00A3CD51 /* FruitDetailView.swift */ = {isa = PBXFileReference; lastKnownFileType = sourcecode.swift; path = FruitDetailView.swift; sourceTree = "<group>"; };
		CA4AFFEA2B786D02006DC242 /* Fructus.app */ = {isa = PBXFileReference; explicitFileType = wrapper.application; includeInIndex = 0; path = Fructus.app; sourceTree = BUILT_PRODUCTS_DIR; };
		CA4AFFED2B786D02006DC242 /* FructusApp.swift */ = {isa = PBXFileReference; lastKnownFileType = sourcecode.swift; path = FructusApp.swift; sourceTree = "<group>"; };
		CA4AFFEF2B786D02006DC242 /* ContentView.swift */ = {isa = PBXFileReference; lastKnownFileType = sourcecode.swift; path = ContentView.swift; sourceTree = "<group>"; };
		CA4AFFF12B786D04006DC242 /* Assets.xcassets */ = {isa = PBXFileReference; lastKnownFileType = folder.assetcatalog; path = Assets.xcassets; sourceTree = "<group>"; };
		CA4AFFF42B786D04006DC242 /* Preview Assets.xcassets */ = {isa = PBXFileReference; lastKnownFileType = folder.assetcatalog; path = "Preview Assets.xcassets"; sourceTree = "<group>"; };
		CA4AFFFD2B7880D4006DC242 /* FruitCardView.swift */ = {isa = PBXFileReference; lastKnownFileType = sourcecode.swift; path = FruitCardView.swift; sourceTree = "<group>"; };
		CA541F1B2B79C3850063B11B /* FruitHeaderView.swift */ = {isa = PBXFileReference; lastKnownFileType = sourcecode.swift; path = FruitHeaderView.swift; sourceTree = "<group>"; };
		CA541F1D2B7A34A20063B11B /* SourceLinkView.swift */ = {isa = PBXFileReference; lastKnownFileType = sourcecode.swift; path = SourceLinkView.swift; sourceTree = "<group>"; };
		CAD7112C2B7A38FE00FF545B /* FruitNutrientsView.swift */ = {isa = PBXFileReference; lastKnownFileType = sourcecode.swift; path = FruitNutrientsView.swift; sourceTree = "<group>"; };
		CAD7112E2B7A3F6C00FF545B /* SettingsView.swift */ = {isa = PBXFileReference; lastKnownFileType = sourcecode.swift; path = SettingsView.swift; sourceTree = "<group>"; };
/* End PBXFileReference section */

/* Begin PBXFrameworksBuildPhase section */
		CA4AFFE72B786D02006DC242 /* Frameworks */ = {
			isa = PBXFrameworksBuildPhase;
			buildActionMask = 2147483647;
			files = (
			);
			runOnlyForDeploymentPostprocessing = 0;
		};
/* End PBXFrameworksBuildPhase section */

/* Begin PBXGroup section */
		CA3C709D2B79A68A00A3CD51 /* Model */ = {
			isa = PBXGroup;
			children = (
				CA3C709E2B79A6A300A3CD51 /* FruitModel.swift */,
			);
			path = Model;
			sourceTree = "<group>";
		};
		CA3C70A02B79A78600A3CD51 /* Data */ = {
			isa = PBXGroup;
			children = (
				CA3C70A12B79A79900A3CD51 /* FruitData.swift */,
			);
			path = Data;
			sourceTree = "<group>";
		};
		CA4AFFE12B786D02006DC242 = {
			isa = PBXGroup;
			children = (
				CA4AFFEC2B786D02006DC242 /* Fructus */,
				CA4AFFEB2B786D02006DC242 /* Products */,
			);
			sourceTree = "<group>";
		};
		CA4AFFEB2B786D02006DC242 /* Products */ = {
			isa = PBXGroup;
			children = (
				CA4AFFEA2B786D02006DC242 /* Fructus.app */,
			);
			name = Products;
			sourceTree = "<group>";
		};
		CA4AFFEC2B786D02006DC242 /* Fructus */ = {
			isa = PBXGroup;
			children = (
				CA3C70A02B79A78600A3CD51 /* Data */,
				CA3C709D2B79A68A00A3CD51 /* Model */,
				CA4AFFFC2B7880A8006DC242 /* View */,
				CA4AFFFB2B788058006DC242 /* App */,
				CA4AFFF12B786D04006DC242 /* Assets.xcassets */,
				CA4AFFF32B786D04006DC242 /* Preview Content */,
			);
			path = Fructus;
			sourceTree = "<group>";
		};
		CA4AFFF32B786D04006DC242 /* Preview Content */ = {
			isa = PBXGroup;
			children = (
				CA4AFFF42B786D04006DC242 /* Preview Assets.xcassets */,
			);
			path = "Preview Content";
			sourceTree = "<group>";
		};
		CA4AFFFB2B788058006DC242 /* App */ = {
			isa = PBXGroup;
			children = (
				CA4AFFED2B786D02006DC242 /* FructusApp.swift */,
				CA4AFFEF2B786D02006DC242 /* ContentView.swift */,
				CA3C709B2B79A29B00A3CD51 /* OnboardingView.swift */,
				CA3C70A52B79B95D00A3CD51 /* FruitDetailView.swift */,
				CAD7112E2B7A3F6C00FF545B /* SettingsView.swift */,
			);
			path = App;
			sourceTree = "<group>";
		};
		CA4AFFFC2B7880A8006DC242 /* View */ = {
			isa = PBXGroup;
			children = (
				CA4AFFFD2B7880D4006DC242 /* FruitCardView.swift */,
				CA3C70992B799F5B00A3CD51 /* StartButtonView.swift */,
				CA3C70A32B79B33F00A3CD51 /* FruitRowView.swift */,
				CA541F1B2B79C3850063B11B /* FruitHeaderView.swift */,
				CA541F1D2B7A34A20063B11B /* SourceLinkView.swift */,
				CAD7112C2B7A38FE00FF545B /* FruitNutrientsView.swift */,
			);
			path = View;
			sourceTree = "<group>";
		};
/* End PBXGroup section */

/* Begin PBXNativeTarget section */
		CA4AFFE92B786D02006DC242 /* Fructus */ = {
			isa = PBXNativeTarget;
			buildConfigurationList = CA4AFFF82B786D04006DC242 /* Build configuration list for PBXNativeTarget "Fructus" */;
			buildPhases = (
				CA4AFFE62B786D02006DC242 /* Sources */,
				CA4AFFE72B786D02006DC242 /* Frameworks */,
				CA4AFFE82B786D02006DC242 /* Resources */,
			);
			buildRules = (
			);
			dependencies = (
			);
			name = Fructus;
			productName = Fructus;
			productReference = CA4AFFEA2B786D02006DC242 /* Fructus.app */;
			productType = "com.apple.product-type.application";
		};
/* End PBXNativeTarget section */

/* Begin PBXProject section */
		CA4AFFE22B786D02006DC242 /* Project object */ = {
			isa = PBXProject;
			attributes = {
				BuildIndependentTargetsInParallel = 1;
				LastSwiftUpdateCheck = 1420;
				LastUpgradeCheck = 1420;
				TargetAttributes = {
					CA4AFFE92B786D02006DC242 = {
						CreatedOnToolsVersion = 14.2;
					};
				};
			};
			buildConfigurationList = CA4AFFE52B786D02006DC242 /* Build configuration list for PBXProject "Fructus" */;
			compatibilityVersion = "Xcode 14.0";
			developmentRegion = en;
			hasScannedForEncodings = 0;
			knownRegions = (
				en,
				Base,
			);
			mainGroup = CA4AFFE12B786D02006DC242;
			productRefGroup = CA4AFFEB2B786D02006DC242 /* Products */;
			projectDirPath = "";
			projectRoot = "";
			targets = (
				CA4AFFE92B786D02006DC242 /* Fructus */,
			);
		};
/* End PBXProject section */

/* Begin PBXResourcesBuildPhase section */
		CA4AFFE82B786D02006DC242 /* Resources */ = {
			isa = PBXResourcesBuildPhase;
			buildActionMask = 2147483647;
			files = (
				CA4AFFF52B786D04006DC242 /* Preview Assets.xcassets in Resources */,
				CA4AFFF22B786D04006DC242 /* Assets.xcassets in Resources */,
			);
			runOnlyForDeploymentPostprocessing = 0;
		};
/* End PBXResourcesBuildPhase section */

/* Begin PBXSourcesBuildPhase section */
		CA4AFFE62B786D02006DC242 /* Sources */ = {
			isa = PBXSourcesBuildPhase;
			buildActionMask = 2147483647;
			files = (
				CA3C70A22B79A79900A3CD51 /* FruitData.swift in Sources */,
				CA541F1E2B7A34A20063B11B /* SourceLinkView.swift in Sources */,
				CA4AFFFE2B7880D4006DC242 /* FruitCardView.swift in Sources */,
				CA3C70A42B79B33F00A3CD51 /* FruitRowView.swift in Sources */,
				CAD7112D2B7A38FE00FF545B /* FruitNutrientsView.swift in Sources */,
				CA3C709A2B799F5C00A3CD51 /* StartButtonView.swift in Sources */,
				CA3C70A62B79B95D00A3CD51 /* FruitDetailView.swift in Sources */,
				CA4AFFF02B786D02006DC242 /* ContentView.swift in Sources */,
				CA541F1C2B79C3850063B11B /* FruitHeaderView.swift in Sources */,
				CA3C709C2B79A29B00A3CD51 /* OnboardingView.swift in Sources */,
				CA3C709F2B79A6A300A3CD51 /* FruitModel.swift in Sources */,
				CA4AFFEE2B786D02006DC242 /* FructusApp.swift in Sources */,
				CAD7112F2B7A3F6C00FF545B /* SettingsView.swift in Sources */,
			);
			runOnlyForDeploymentPostprocessing = 0;
		};
/* End PBXSourcesBuildPhase section */

/* Begin XCBuildConfiguration section */
		CA4AFFF62B786D04006DC242 /* Debug */ = {
			isa = XCBuildConfiguration;
			buildSettings = {
				ALWAYS_SEARCH_USER_PATHS = NO;
				CLANG_ANALYZER_NONNULL = YES;
				CLANG_ANALYZER_NUMBER_OBJECT_CONVERSION = YES_AGGRESSIVE;
				CLANG_CXX_LANGUAGE_STANDARD = "gnu++20";
				CLANG_ENABLE_MODULES = YES;
				CLANG_ENABLE_OBJC_ARC = YES;
				CLANG_ENABLE_OBJC_WEAK = YES;
				CLANG_WARN_BLOCK_CAPTURE_AUTORELEASING = YES;
				CLANG_WARN_BOOL_CONVERSION = YES;
				CLANG_WARN_COMMA = YES;
				CLANG_WARN_CONSTANT_CONVERSION = YES;
				CLANG_WARN_DEPRECATED_OBJC_IMPLEMENTATIONS = YES;
				CLANG_WARN_DIRECT_OBJC_ISA_USAGE = YES_ERROR;
				CLANG_WARN_DOCUMENTATION_COMMENTS = YES;
				CLANG_WARN_EMPTY_BODY = YES;
				CLANG_WARN_ENUM_CONVERSION = YES;
				CLANG_WARN_INFINITE_RECURSION = YES;
				CLANG_WARN_INT_CONVERSION = YES;
				CLANG_WARN_NON_LITERAL_NULL_CONVERSION = YES;
				CLANG_WARN_OBJC_IMPLICIT_RETAIN_SELF = YES;
				CLANG_WARN_OBJC_LITERAL_CONVERSION = YES;
				CLANG_WARN_OBJC_ROOT_CLASS = YES_ERROR;
				CLANG_WARN_QUOTED_INCLUDE_IN_FRAMEWORK_HEADER = YES;
				CLANG_WARN_RANGE_LOOP_ANALYSIS = YES;
				CLANG_WARN_STRICT_PROTOTYPES = YES;
				CLANG_WARN_SUSPICIOUS_MOVE = YES;
				CLANG_WARN_UNGUARDED_AVAILABILITY = YES_AGGRESSIVE;
				CLANG_WARN_UNREACHABLE_CODE = YES;
				CLANG_WARN__DUPLICATE_METHOD_MATCH = YES;
				COPY_PHASE_STRIP = NO;
				DEBUG_INFORMATION_FORMAT = dwarf;
				ENABLE_STRICT_OBJC_MSGSEND = YES;
				ENABLE_TESTABILITY = YES;
				GCC_C_LANGUAGE_STANDARD = gnu11;
				GCC_DYNAMIC_NO_PIC = NO;
				GCC_NO_COMMON_BLOCKS = YES;
				GCC_OPTIMIZATION_LEVEL = 0;
				GCC_PREPROCESSOR_DEFINITIONS = (
					"DEBUG=1",
					"$(inherited)",
				);
				GCC_WARN_64_TO_32_BIT_CONVERSION = YES;
				GCC_WARN_ABOUT_RETURN_TYPE = YES_ERROR;
				GCC_WARN_UNDECLARED_SELECTOR = YES;
				GCC_WARN_UNINITIALIZED_AUTOS = YES_AGGRESSIVE;
				GCC_WARN_UNUSED_FUNCTION = YES;
				GCC_WARN_UNUSED_VARIABLE = YES;
				IPHONEOS_DEPLOYMENT_TARGET = 16.2;
				MTL_ENABLE_DEBUG_INFO = INCLUDE_SOURCE;
				MTL_FAST_MATH = YES;
				ONLY_ACTIVE_ARCH = YES;
				SDKROOT = iphoneos;
				SWIFT_ACTIVE_COMPILATION_CONDITIONS = DEBUG;
				SWIFT_OPTIMIZATION_LEVEL = "-Onone";
			};
			name = Debug;
		};
		CA4AFFF72B786D04006DC242 /* Release */ = {
			isa = XCBuildConfiguration;
			buildSettings = {
				ALWAYS_SEARCH_USER_PATHS = NO;
				CLANG_ANALYZER_NONNULL = YES;
				CLANG_ANALYZER_NUMBER_OBJECT_CONVERSION = YES_AGGRESSIVE;
				CLANG_CXX_LANGUAGE_STANDARD = "gnu++20";
				CLANG_ENABLE_MODULES = YES;
				CLANG_ENABLE_OBJC_ARC = YES;
				CLANG_ENABLE_OBJC_WEAK = YES;
				CLANG_WARN_BLOCK_CAPTURE_AUTORELEASING = YES;
				CLANG_WARN_BOOL_CONVERSION = YES;
				CLANG_WARN_COMMA = YES;
				CLANG_WARN_CONSTANT_CONVERSION = YES;
				CLANG_WARN_DEPRECATED_OBJC_IMPLEMENTATIONS = YES;
				CLANG_WARN_DIRECT_OBJC_ISA_USAGE = YES_ERROR;
				CLANG_WARN_DOCUMENTATION_COMMENTS = YES;
				CLANG_WARN_EMPTY_BODY = YES;
				CLANG_WARN_ENUM_CONVERSION = YES;
				CLANG_WARN_INFINITE_RECURSION = YES;
				CLANG_WARN_INT_CONVERSION = YES;
				CLANG_WARN_NON_LITERAL_NULL_CONVERSION = YES;
				CLANG_WARN_OBJC_IMPLICIT_RETAIN_SELF = YES;
				CLANG_WARN_OBJC_LITERAL_CONVERSION = YES;
				CLANG_WARN_OBJC_ROOT_CLASS = YES_ERROR;
				CLANG_WARN_QUOTED_INCLUDE_IN_FRAMEWORK_HEADER = YES;
				CLANG_WARN_RANGE_LOOP_ANALYSIS = YES;
				CLANG_WARN_STRICT_PROTOTYPES = YES;
				CLANG_WARN_SUSPICIOUS_MOVE = YES;
				CLANG_WARN_UNGUARDED_AVAILABILITY = YES_AGGRESSIVE;
				CLANG_WARN_UNREACHABLE_CODE = YES;
				CLANG_WARN__DUPLICATE_METHOD_MATCH = YES;
				COPY_PHASE_STRIP = NO;
				DEBUG_INFORMATION_FORMAT = "dwarf-with-dsym";
				ENABLE_NS_ASSERTIONS = NO;
				ENABLE_STRICT_OBJC_MSGSEND = YES;
				GCC_C_LANGUAGE_STANDARD = gnu11;
				GCC_NO_COMMON_BLOCKS = YES;
				GCC_WARN_64_TO_32_BIT_CONVERSION = YES;
				GCC_WARN_ABOUT_RETURN_TYPE = YES_ERROR;
				GCC_WARN_UNDECLARED_SELECTOR = YES;
				GCC_WARN_UNINITIALIZED_AUTOS = YES_AGGRESSIVE;
				GCC_WARN_UNUSED_FUNCTION = YES;
				GCC_WARN_UNUSED_VARIABLE = YES;
				IPHONEOS_DEPLOYMENT_TARGET = 16.2;
				MTL_ENABLE_DEBUG_INFO = NO;
				MTL_FAST_MATH = YES;
				SDKROOT = iphoneos;
				SWIFT_COMPILATION_MODE = wholemodule;
				SWIFT_OPTIMIZATION_LEVEL = "-O";
				VALIDATE_PRODUCT = YES;
			};
			name = Release;
		};
		CA4AFFF92B786D04006DC242 /* Debug */ = {
			isa = XCBuildConfiguration;
			buildSettings = {
				ASSETCATALOG_COMPILER_APPICON_NAME = AppIcon;
				ASSETCATALOG_COMPILER_GLOBAL_ACCENT_COLOR_NAME = AccentColor;
				CODE_SIGN_STYLE = Automatic;
				CURRENT_PROJECT_VERSION = 1;
				DEVELOPMENT_ASSET_PATHS = "\"Fructus/Preview Content\"";
				DEVELOPMENT_TEAM = 76QSDV59CX;
				ENABLE_PREVIEWS = YES;
				GENERATE_INFOPLIST_FILE = YES;
				INFOPLIST_KEY_UIApplicationSceneManifest_Generation = YES;
				INFOPLIST_KEY_UIApplicationSupportsIndirectInputEvents = YES;
				INFOPLIST_KEY_UILaunchScreen_Generation = YES;
				INFOPLIST_KEY_UISupportedInterfaceOrientations = UIInterfaceOrientationPortrait;
				LD_RUNPATH_SEARCH_PATHS = (
					"$(inherited)",
					"@executable_path/Frameworks",
				);
				MARKETING_VERSION = 1.0;
				PRODUCT_BUNDLE_IDENTIFIER = jp.ringrin.Fructus;
				PRODUCT_NAME = "$(TARGET_NAME)";
				SWIFT_EMIT_LOC_STRINGS = YES;
				SWIFT_VERSION = 5.0;
				TARGETED_DEVICE_FAMILY = "1,2";
			};
			name = Debug;
		};
		CA4AFFFA2B786D04006DC242 /* Release */ = {
			isa = XCBuildConfiguration;
			buildSettings = {
				ASSETCATALOG_COMPILER_APPICON_NAME = AppIcon;
				ASSETCATALOG_COMPILER_GLOBAL_ACCENT_COLOR_NAME = AccentColor;
				CODE_SIGN_STYLE = Automatic;
				CURRENT_PROJECT_VERSION = 1;
				DEVELOPMENT_ASSET_PATHS = "\"Fructus/Preview Content\"";
				DEVELOPMENT_TEAM = 76QSDV59CX;
				ENABLE_PREVIEWS = YES;
				GENERATE_INFOPLIST_FILE = YES;
				INFOPLIST_KEY_UIApplicationSceneManifest_Generation = YES;
				INFOPLIST_KEY_UIApplicationSupportsIndirectInputEvents = YES;
				INFOPLIST_KEY_UILaunchScreen_Generation = YES;
				INFOPLIST_KEY_UISupportedInterfaceOrientations = UIInterfaceOrientationPortrait;
				LD_RUNPATH_SEARCH_PATHS = (
					"$(inherited)",
					"@executable_path/Frameworks",
				);
				MARKETING_VERSION = 1.0;
				PRODUCT_BUNDLE_IDENTIFIER = jp.ringrin.Fructus;
				PRODUCT_NAME = "$(TARGET_NAME)";
				SWIFT_EMIT_LOC_STRINGS = YES;
				SWIFT_VERSION = 5.0;
				TARGETED_DEVICE_FAMILY = "1,2";
			};
			name = Release;
		};
/* End XCBuildConfiguration section */

/* Begin XCConfigurationList section */
		CA4AFFE52B786D02006DC242 /* Build configuration list for PBXProject "Fructus" */ = {
			isa = XCConfigurationList;
			buildConfigurations = (
				CA4AFFF62B786D04006DC242 /* Debug */,
				CA4AFFF72B786D04006DC242 /* Release */,
			);
			defaultConfigurationIsVisible = 0;
			defaultConfigurationName = Release;
		};
		CA4AFFF82B786D04006DC242 /* Build configuration list for PBXNativeTarget "Fructus" */ = {
			isa = XCConfigurationList;
			buildConfigurations = (
				CA4AFFF92B786D04006DC242 /* Debug */,
				CA4AFFFA2B786D04006DC242 /* Release */,
			);
			defaultConfigurationIsVisible = 0;
			defaultConfigurationName = Release;
		};
/* End XCConfigurationList section */
	};
	rootObject = CA4AFFE22B786D02006DC242 /* Project object */;
}
